
Microsoft Visual Studio Solution File, Format Version 12.00
# Visual Studio 15
Project("{9344BDBB-3E7F-41FC-A0DD-8665D75EE146}") = "SoPeKOKO", "SoPeKOKO\SoPeKOKO.mdproj", "{AB97AC47-D3D7-4778-93BD-A87B2DFAEBF6}"
EndProject
Global
	GlobalSection(SolutionConfigurationPlatforms) = preSolution
		Default|Any CPU = Default|Any CPU
	EndGlobalSection
	GlobalSection(ProjectConfigurationPlatforms) = postSolution
		{AB97AC47-D3D7-4778-93BD-A87B2DFAEBF6}.Default|Any CPU.ActiveCfg = Default|Any CPU
		{AB97AC47-D3D7-4778-93BD-A87B2DFAEBF6}.Default|Any CPU.Build.0 = Default|Any CPU
	EndGlobalSection
EndGlobal
